{
  "object": {
    "pins": [
      {
        "package": "CombineFeedback",
        "repositoryURL": "git@github.com:sergdort/CombineFeedback.git",
        "state": {
          "branch": "master",
          "revision": "42f6ae481bd63dbc84993b4ee31a64c0091fa4b4",
          "version": null
        }
      }
    ]
  },
  "version": 1
}
