{
  "object": {
    "pins": [
      {
        "package": "CombineFeedbackk",
        "repositoryURL": "git@github.com:sergdort/CombineFeedback.git",
        "state": {
          "branch": "master",
          "revision": "33b6f94bca4f3dd3446481188fb836b757822470",
          "version": null
        }
      }
    ]
  },
  "version": 1
}
