// !$*UTF8*$!
{
	archiveVersion = 1;
	classes = {
	};
	objectVersion = 50;
	objects = {

/* Begin PBXBuildFile section */
		742D7D7622B113C200A97AF3 /* AppDelegate.swift in Sources */ = {isa = PBXBuildFile; fileRef = 742D7D7522B113C200A97AF3 /* AppDelegate.swift */; };
		742D7D7822B113C200A97AF3 /* SceneDelegate.swift in Sources */ = {isa = PBXBuildFile; fileRef = 742D7D7722B113C200A97AF3 /* SceneDelegate.swift */; };
		742D7D7A22B113C200A97AF3 /* ContentView.swift in Sources */ = {isa = PBXBuildFile; fileRef = 742D7D7922B113C200A97AF3 /* ContentView.swift */; };
		742D7D7C22B113C300A97AF3 /* Assets.xcassets in Resources */ = {isa = PBXBuildFile; fileRef = 742D7D7B22B113C300A97AF3 /* Assets.xcassets */; };
		742D7D7F22B113C300A97AF3 /* Preview Assets.xcassets in Resources */ = {isa = PBXBuildFile; fileRef = 742D7D7E22B113C300A97AF3 /* Preview Assets.xcassets */; };
		742D7D8222B113C300A97AF3 /* LaunchScreen.storyboard in Resources */ = {isa = PBXBuildFile; fileRef = 742D7D8022B113C300A97AF3 /* LaunchScreen.storyboard */; };
		742D7D8D22B113C400A97AF3 /* SignUpDemoTests.swift in Sources */ = {isa = PBXBuildFile; fileRef = 742D7D8C22B113C400A97AF3 /* SignUpDemoTests.swift */; };
/* End PBXBuildFile section */

/* Begin PBXContainerItemProxy section */
		742D7D8922B113C400A97AF3 /* PBXContainerItemProxy */ = {
			isa = PBXContainerItemProxy;
			containerPortal = 742D7D6A22B113C200A97AF3 /* Project object */;
			proxyType = 1;
			remoteGlobalIDString = 742D7D7122B113C200A97AF3;
			remoteInfo = SignUpDemo;
		};
/* End PBXContainerItemProxy section */

/* Begin PBXFileReference section */
		742D7D7222B113C200A97AF3 /* SignUpDemo.app */ = {isa = PBXFileReference; explicitFileType = wrapper.application; includeInIndex = 0; path = SignUpDemo.app; sourceTree = BUILT_PRODUCTS_DIR; };
		742D7D7522B113C200A97AF3 /* AppDelegate.swift */ = {isa = PBXFileReference; lastKnownFileType = sourcecode.swift; path = AppDelegate.swift; sourceTree = "<group>"; };
		742D7D7722B113C200A97AF3 /* SceneDelegate.swift */ = {isa = PBXFileReference; lastKnownFileType = sourcecode.swift; path = SceneDelegate.swift; sourceTree = "<group>"; };
		742D7D7922B113C200A97AF3 /* ContentView.swift */ = {isa = PBXFileReference; lastKnownFileType = sourcecode.swift; path = ContentView.swift; sourceTree = "<group>"; };
		742D7D7B22B113C300A97AF3 /* Assets.xcassets */ = {isa = PBXFileReference; lastKnownFileType = folder.assetcatalog; path = Assets.xcassets; sourceTree = "<group>"; };
		742D7D7E22B113C300A97AF3 /* Preview Assets.xcassets */ = {isa = PBXFileReference; lastKnownFileType = folder.assetcatalog; path = "Preview Assets.xcassets"; sourceTree = "<group>"; };
		742D7D8122B113C300A97AF3 /* Base */ = {isa = PBXFileReference; lastKnownFileType = file.storyboard; name = Base; path = Base.lproj/LaunchScreen.storyboard; sourceTree = "<group>"; };
		742D7D8322B113C400A97AF3 /* Info.plist */ = {isa = PBXFileReference; lastKnownFileType = text.plist.xml; path = Info.plist; sourceTree = "<group>"; };
		742D7D8822B113C400A97AF3 /* SignUpDemoTests.xctest */ = {isa = PBXFileReference; explicitFileType = wrapper.cfbundle; includeInIndex = 0; path = SignUpDemoTests.xctest; sourceTree = BUILT_PRODUCTS_DIR; };
		742D7D8C22B113C400A97AF3 /* SignUpDemoTests.swift */ = {isa = PBXFileReference; lastKnownFileType = sourcecode.swift; path = SignUpDemoTests.swift; sourceTree = "<group>"; };
		742D7D8E22B113C400A97AF3 /* Info.plist */ = {isa = PBXFileReference; lastKnownFileType = text.plist.xml; path = Info.plist; sourceTree = "<group>"; };
/* End PBXFileReference section */

/* Begin PBXFrameworksBuildPhase section */
		742D7D6F22B113C200A97AF3 /* Frameworks */ = {
			isa = PBXFrameworksBuildPhase;
			buildActionMask = 2147483647;
			files = (
			);
			runOnlyForDeploymentPostprocessing = 0;
		};
		742D7D8522B113C400A97AF3 /* Frameworks */ = {
			isa = PBXFrameworksBuildPhase;
			buildActionMask = 2147483647;
			files = (
			);
			runOnlyForDeploymentPostprocessing = 0;
		};
/* End PBXFrameworksBuildPhase section */

/* Begin PBXGroup section */
		742D7D6922B113C200A97AF3 = {
			isa = PBXGroup;
			children = (
				742D7D7422B113C200A97AF3 /* SignUpDemo */,
				742D7D8B22B113C400A97AF3 /* SignUpDemoTests */,
				742D7D7322B113C200A97AF3 /* Products */,
			);
			sourceTree = "<group>";
		};
		742D7D7322B113C200A97AF3 /* Products */ = {
			isa = PBXGroup;
			children = (
				742D7D7222B113C200A97AF3 /* SignUpDemo.app */,
				742D7D8822B113C400A97AF3 /* SignUpDemoTests.xctest */,
			);
			name = Products;
			sourceTree = "<group>";
		};
		742D7D7422B113C200A97AF3 /* SignUpDemo */ = {
			isa = PBXGroup;
			children = (
				742D7D7522B113C200A97AF3 /* AppDelegate.swift */,
				742D7D7722B113C200A97AF3 /* SceneDelegate.swift */,
				742D7D7922B113C200A97AF3 /* ContentView.swift */,
				742D7D7B22B113C300A97AF3 /* Assets.xcassets */,
				742D7D8022B113C300A97AF3 /* LaunchScreen.storyboard */,
				742D7D8322B113C400A97AF3 /* Info.plist */,
				742D7D7D22B113C300A97AF3 /* Preview Content */,
			);
			path = SignUpDemo;
			sourceTree = "<group>";
		};
		742D7D7D22B113C300A97AF3 /* Preview Content */ = {
			isa = PBXGroup;
			children = (
				742D7D7E22B113C300A97AF3 /* Preview Assets.xcassets */,
			);
			path = "Preview Content";
			sourceTree = "<group>";
		};
		742D7D8B22B113C400A97AF3 /* SignUpDemoTests */ = {
			isa = PBXGroup;
			children = (
				742D7D8C22B113C400A97AF3 /* SignUpDemoTests.swift */,
				742D7D8E22B113C400A97AF3 /* Info.plist */,
			);
			path = SignUpDemoTests;
			sourceTree = "<group>";
		};
/* End PBXGroup section */

/* Begin PBXNativeTarget section */
		742D7D7122B113C200A97AF3 /* SignUpDemo */ = {
			isa = PBXNativeTarget;
			buildConfigurationList = 742D7D9122B113C400A97AF3 /* Build configuration list for PBXNativeTarget "SignUpDemo" */;
			buildPhases = (
				742D7D6E22B113C200A97AF3 /* Sources */,
				742D7D6F22B113C200A97AF3 /* Frameworks */,
				742D7D7022B113C200A97AF3 /* Resources */,
			);
			buildRules = (
			);
			dependencies = (
			);
			name = SignUpDemo;
			productName = SignUpDemo;
			productReference = 742D7D7222B113C200A97AF3 /* SignUpDemo.app */;
			productType = "com.apple.product-type.application";
		};
		742D7D8722B113C400A97AF3 /* SignUpDemoTests */ = {
			isa = PBXNativeTarget;
			buildConfigurationList = 742D7D9422B113C400A97AF3 /* Build configuration list for PBXNativeTarget "SignUpDemoTests" */;
			buildPhases = (
				742D7D8422B113C400A97AF3 /* Sources */,
				742D7D8522B113C400A97AF3 /* Frameworks */,
				742D7D8622B113C400A97AF3 /* Resources */,
			);
			buildRules = (
			);
			dependencies = (
				742D7D8A22B113C400A97AF3 /* PBXTargetDependency */,
			);
			name = SignUpDemoTests;
			productName = SignUpDemoTests;
			productReference = 742D7D8822B113C400A97AF3 /* SignUpDemoTests.xctest */;
			productType = "com.apple.product-type.bundle.unit-test";
		};
/* End PBXNativeTarget section */

/* Begin PBXProject section */
		742D7D6A22B113C200A97AF3 /* Project object */ = {
			isa = PBXProject;
			attributes = {
				LastSwiftUpdateCheck = 1100;
				LastUpgradeCheck = 1100;
				ORGANIZATIONNAME = "Babylon Health";
				TargetAttributes = {
					742D7D7122B113C200A97AF3 = {
						CreatedOnToolsVersion = 11.0;
					};
					742D7D8722B113C400A97AF3 = {
						CreatedOnToolsVersion = 11.0;
						TestTargetID = 742D7D7122B113C200A97AF3;
					};
				};
			};
			buildConfigurationList = 742D7D6D22B113C200A97AF3 /* Build configuration list for PBXProject "SignUpDemo" */;
			compatibilityVersion = "Xcode 9.3";
			developmentRegion = en;
			hasScannedForEncodings = 0;
			knownRegions = (
				en,
				Base,
			);
			mainGroup = 742D7D6922B113C200A97AF3;
			productRefGroup = 742D7D7322B113C200A97AF3 /* Products */;
			projectDirPath = "";
			projectRoot = "";
			targets = (
				742D7D7122B113C200A97AF3 /* SignUpDemo */,
				742D7D8722B113C400A97AF3 /* SignUpDemoTests */,
			);
		};
/* End PBXProject section */

/* Begin PBXResourcesBuildPhase section */
		742D7D7022B113C200A97AF3 /* Resources */ = {
			isa = PBXResourcesBuildPhase;
			buildActionMask = 2147483647;
			files = (
				742D7D8222B113C300A97AF3 /* LaunchScreen.storyboard in Resources */,
				742D7D7F22B113C300A97AF3 /* Preview Assets.xcassets in Resources */,
				742D7D7C22B113C300A97AF3 /* Assets.xcassets in Resources */,
			);
			runOnlyForDeploymentPostprocessing = 0;
		};
		742D7D8622B113C400A97AF3 /* Resources */ = {
			isa = PBXResourcesBuildPhase;
			buildActionMask = 2147483647;
			files = (
			);
			runOnlyForDeploymentPostprocessing = 0;
		};
/* End PBXResourcesBuildPhase section */

/* Begin PBXSourcesBuildPhase section */
		742D7D6E22B113C200A97AF3 /* Sources */ = {
			isa = PBXSourcesBuildPhase;
			buildActionMask = 2147483647;
			files = (
				742D7D7622B113C200A97AF3 /* AppDelegate.swift in Sources */,
				742D7D7822B113C200A97AF3 /* SceneDelegate.swift in Sources */,
				742D7D7A22B113C200A97AF3 /* ContentView.swift in Sources */,
			);
			runOnlyForDeploymentPostprocessing = 0;
		};
		742D7D8422B113C400A97AF3 /* Sources */ = {
			isa = PBXSourcesBuildPhase;
			buildActionMask = 2147483647;
			files = (
				742D7D8D22B113C400A97AF3 /* SignUpDemoTests.swift in Sources */,
			);
			runOnlyForDeploymentPostprocessing = 0;
		};
/* End PBXSourcesBuildPhase section */

/* Begin PBXTargetDependency section */
		742D7D8A22B113C400A97AF3 /* PBXTargetDependency */ = {
			isa = PBXTargetDependency;
			target = 742D7D7122B113C200A97AF3 /* SignUpDemo */;
			targetProxy = 742D7D8922B113C400A97AF3 /* PBXContainerItemProxy */;
		};
/* End PBXTargetDependency section */

/* Begin PBXVariantGroup section */
		742D7D8022B113C300A97AF3 /* LaunchScreen.storyboard */ = {
			isa = PBXVariantGroup;
			children = (
				742D7D8122B113C300A97AF3 /* Base */,
			);
			name = LaunchScreen.storyboard;
			sourceTree = "<group>";
		};
/* End PBXVariantGroup section */

/* Begin XCBuildConfiguration section */
		742D7D8F22B113C400A97AF3 /* Debug */ = {
			isa = XCBuildConfiguration;
			buildSettings = {
				ALWAYS_SEARCH_USER_PATHS = NO;
				CLANG_ANALYZER_NONNULL = YES;
				CLANG_ANALYZER_NUMBER_OBJECT_CONVERSION = YES_AGGRESSIVE;
				CLANG_CXX_LANGUAGE_STANDARD = "gnu++14";
				CLANG_CXX_LIBRARY = "libc++";
				CLANG_ENABLE_MODULES = YES;
				CLANG_ENABLE_OBJC_ARC = YES;
				CLANG_ENABLE_OBJC_WEAK = YES;
				CLANG_WARN_BLOCK_CAPTURE_AUTORELEASING = YES;
				CLANG_WARN_BOOL_CONVERSION = YES;
				CLANG_WARN_COMMA = YES;
				CLANG_WARN_CONSTANT_CONVERSION = YES;
				CLANG_WARN_DEPRECATED_OBJC_IMPLEMENTATIONS = YES;
				CLANG_WARN_DIRECT_OBJC_ISA_USAGE = YES_ERROR;
				CLANG_WARN_DOCUMENTATION_COMMENTS = YES;
				CLANG_WARN_EMPTY_BODY = YES;
				CLANG_WARN_ENUM_CONVERSION = YES;
				CLANG_WARN_INFINITE_RECURSION = YES;
				CLANG_WARN_INT_CONVERSION = YES;
				CLANG_WARN_NON_LITERAL_NULL_CONVERSION = YES;
				CLANG_WARN_OBJC_IMPLICIT_RETAIN_SELF = YES;
				CLANG_WARN_OBJC_LITERAL_CONVERSION = YES;
				CLANG_WARN_OBJC_ROOT_CLASS = YES_ERROR;
				CLANG_WARN_RANGE_LOOP_ANALYSIS = YES;
				CLANG_WARN_STRICT_PROTOTYPES = YES;
				CLANG_WARN_SUSPICIOUS_MOVE = YES;
				CLANG_WARN_UNGUARDED_AVAILABILITY = YES_AGGRESSIVE;
				CLANG_WARN_UNREACHABLE_CODE = YES;
				CLANG_WARN__DUPLICATE_METHOD_MATCH = YES;
				COPY_PHASE_STRIP = NO;
				DEBUG_INFORMATION_FORMAT = dwarf;
				ENABLE_STRICT_OBJC_MSGSEND = YES;
				ENABLE_TESTABILITY = YES;
				GCC_C_LANGUAGE_STANDARD = gnu11;
				GCC_DYNAMIC_NO_PIC = NO;
				GCC_NO_COMMON_BLOCKS = YES;
				GCC_OPTIMIZATION_LEVEL = 0;
				GCC_PREPROCESSOR_DEFINITIONS = (
					"DEBUG=1",
					"$(inherited)",
				);
				GCC_WARN_64_TO_32_BIT_CONVERSION = YES;
				GCC_WARN_ABOUT_RETURN_TYPE = YES_ERROR;
				GCC_WARN_UNDECLARED_SELECTOR = YES;
				GCC_WARN_UNINITIALIZED_AUTOS = YES_AGGRESSIVE;
				GCC_WARN_UNUSED_FUNCTION = YES;
				GCC_WARN_UNUSED_VARIABLE = YES;
				IPHONEOS_DEPLOYMENT_TARGET = 13.0;
				MTL_ENABLE_DEBUG_INFO = INCLUDE_SOURCE;
				MTL_FAST_MATH = YES;
				ONLY_ACTIVE_ARCH = YES;
				SDKROOT = iphoneos;
				SWIFT_ACTIVE_COMPILATION_CONDITIONS = DEBUG;
				SWIFT_OPTIMIZATION_LEVEL = "-Onone";
			};
			name = Debug;
		};
		742D7D9022B113C400A97AF3 /* Release */ = {
			isa = XCBuildConfiguration;
			buildSettings = {
				ALWAYS_SEARCH_USER_PATHS = NO;
				CLANG_ANALYZER_NONNULL = YES;
				CLANG_ANALYZER_NUMBER_OBJECT_CONVERSION = YES_AGGRESSIVE;
				CLANG_CXX_LANGUAGE_STANDARD = "gnu++14";
				CLANG_CXX_LIBRARY = "libc++";
				CLANG_ENABLE_MODULES = YES;
				CLANG_ENABLE_OBJC_ARC = YES;
				CLANG_ENABLE_OBJC_WEAK = YES;
				CLANG_WARN_BLOCK_CAPTURE_AUTORELEASING = YES;
				CLANG_WARN_BOOL_CONVERSION = YES;
				CLANG_WARN_COMMA = YES;
				CLANG_WARN_CONSTANT_CONVERSION = YES;
				CLANG_WARN_DEPRECATED_OBJC_IMPLEMENTATIONS = YES;
				CLANG_WARN_DIRECT_OBJC_ISA_USAGE = YES_ERROR;
				CLANG_WARN_DOCUMENTATION_COMMENTS = YES;
				CLANG_WARN_EMPTY_BODY = YES;
				CLANG_WARN_ENUM_CONVERSION = YES;
				CLANG_WARN_INFINITE_RECURSION = YES;
				CLANG_WARN_INT_CONVERSION = YES;
				CLANG_WARN_NON_LITERAL_NULL_CONVERSION = YES;
				CLANG_WARN_OBJC_IMPLICIT_RETAIN_SELF = YES;
				CLANG_WARN_OBJC_LITERAL_CONVERSION = YES;
				CLANG_WARN_OBJC_ROOT_CLASS = YES_ERROR;
				CLANG_WARN_RANGE_LOOP_ANALYSIS = YES;
				CLANG_WARN_STRICT_PROTOTYPES = YES;
				CLANG_WARN_SUSPICIOUS_MOVE = YES;
				CLANG_WARN_UNGUARDED_AVAILABILITY = YES_AGGRESSIVE;
				CLANG_WARN_UNREACHABLE_CODE = YES;
				CLANG_WARN__DUPLICATE_METHOD_MATCH = YES;
				COPY_PHASE_STRIP = NO;
				DEBUG_INFORMATION_FORMAT = "dwarf-with-dsym";
				ENABLE_NS_ASSERTIONS = NO;
				ENABLE_STRICT_OBJC_MSGSEND = YES;
				GCC_C_LANGUAGE_STANDARD = gnu11;
				GCC_NO_COMMON_BLOCKS = YES;
				GCC_WARN_64_TO_32_BIT_CONVERSION = YES;
				GCC_WARN_ABOUT_RETURN_TYPE = YES_ERROR;
				GCC_WARN_UNDECLARED_SELECTOR = YES;
				GCC_WARN_UNINITIALIZED_AUTOS = YES_AGGRESSIVE;
				GCC_WARN_UNUSED_FUNCTION = YES;
				GCC_WARN_UNUSED_VARIABLE = YES;
				IPHONEOS_DEPLOYMENT_TARGET = 13.0;
				MTL_ENABLE_DEBUG_INFO = NO;
				MTL_FAST_MATH = YES;
				SDKROOT = iphoneos;
				SWIFT_COMPILATION_MODE = wholemodule;
				SWIFT_OPTIMIZATION_LEVEL = "-O";
				VALIDATE_PRODUCT = YES;
			};
			name = Release;
		};
		742D7D9222B113C400A97AF3 /* Debug */ = {
			isa = XCBuildConfiguration;
			buildSettings = {
				ASSETCATALOG_COMPILER_APPICON_NAME = AppIcon;
				CODE_SIGN_STYLE = Automatic;
				DEVELOPMENT_ASSET_PATHS = "SignUpDemo/Preview\\ Content";
				ENABLE_PREVIEWS = YES;
				INFOPLIST_FILE = SignUpDemo/Info.plist;
				LD_RUNPATH_SEARCH_PATHS = (
					"$(inherited)",
					"@executable_path/Frameworks",
				);
				PRODUCT_BUNDLE_IDENTIFIER = com.babylonhealth.SignUpDemo;
				PRODUCT_NAME = "$(TARGET_NAME)";
				SWIFT_VERSION = 5.0;
				TARGETED_DEVICE_FAMILY = "1,2";
			};
			name = Debug;
		};
		742D7D9322B113C400A97AF3 /* Release */ = {
			isa = XCBuildConfiguration;
			buildSettings = {
				ASSETCATALOG_COMPILER_APPICON_NAME = AppIcon;
				CODE_SIGN_STYLE = Automatic;
				DEVELOPMENT_ASSET_PATHS = "SignUpDemo/Preview\\ Content";
				ENABLE_PREVIEWS = YES;
				INFOPLIST_FILE = SignUpDemo/Info.plist;
				LD_RUNPATH_SEARCH_PATHS = (
					"$(inherited)",
					"@executable_path/Frameworks",
				);
				PRODUCT_BUNDLE_IDENTIFIER = com.babylonhealth.SignUpDemo;
				PRODUCT_NAME = "$(TARGET_NAME)";
				SWIFT_VERSION = 5.0;
				TARGETED_DEVICE_FAMILY = "1,2";
			};
			name = Release;
		};
		742D7D9522B113C400A97AF3 /* Debug */ = {
			isa = XCBuildConfiguration;
			buildSettings = {
				ALWAYS_EMBED_SWIFT_STANDARD_LIBRARIES = YES;
				BUNDLE_LOADER = "$(TEST_HOST)";
				CODE_SIGN_STYLE = Automatic;
				INFOPLIST_FILE = SignUpDemoTests/Info.plist;
				LD_RUNPATH_SEARCH_PATHS = (
					"$(inherited)",
					"@executable_path/Frameworks",
					"@loader_path/Frameworks",
				);
				PRODUCT_BUNDLE_IDENTIFIER = com.babylonhealth.SignUpDemoTests;
				PRODUCT_NAME = "$(TARGET_NAME)";
				SWIFT_VERSION = 5.0;
				TARGETED_DEVICE_FAMILY = "1,2";
				TEST_HOST = "$(BUILT_PRODUCTS_DIR)/SignUpDemo.app/SignUpDemo";
			};
			name = Debug;
		};
		742D7D9622B113C400A97AF3 /* Release */ = {
			isa = XCBuildConfiguration;
			buildSettings = {
				ALWAYS_EMBED_SWIFT_STANDARD_LIBRARIES = YES;
				BUNDLE_LOADER = "$(TEST_HOST)";
				CODE_SIGN_STYLE = Automatic;
				INFOPLIST_FILE = SignUpDemoTests/Info.plist;
				LD_RUNPATH_SEARCH_PATHS = (
					"$(inherited)",
					"@executable_path/Frameworks",
					"@loader_path/Frameworks",
				);
				PRODUCT_BUNDLE_IDENTIFIER = com.babylonhealth.SignUpDemoTests;
				PRODUCT_NAME = "$(TARGET_NAME)";
				SWIFT_VERSION = 5.0;
				TARGETED_DEVICE_FAMILY = "1,2";
				TEST_HOST = "$(BUILT_PRODUCTS_DIR)/SignUpDemo.app/SignUpDemo";
			};
			name = Release;
		};
/* End XCBuildConfiguration section */

/* Begin XCConfigurationList section */
		742D7D6D22B113C200A97AF3 /* Build configuration list for PBXProject "SignUpDemo" */ = {
			isa = XCConfigurationList;
			buildConfigurations = (
				742D7D8F22B113C400A97AF3 /* Debug */,
				742D7D9022B113C400A97AF3 /* Release */,
			);
			defaultConfigurationIsVisible = 0;
			defaultConfigurationName = Release;
		};
		742D7D9122B113C400A97AF3 /* Build configuration list for PBXNativeTarget "SignUpDemo" */ = {
			isa = XCConfigurationList;
			buildConfigurations = (
				742D7D9222B113C400A97AF3 /* Debug */,
				742D7D9322B113C400A97AF3 /* Release */,
			);
			defaultConfigurationIsVisible = 0;
			defaultConfigurationName = Release;
		};
		742D7D9422B113C400A97AF3 /* Build configuration list for PBXNativeTarget "SignUpDemoTests" */ = {
			isa = XCConfigurationList;
			buildConfigurations = (
				742D7D9522B113C400A97AF3 /* Debug */,
				742D7D9622B113C400A97AF3 /* Release */,
			);
			defaultConfigurationIsVisible = 0;
			defaultConfigurationName = Release;
		};
/* End XCConfigurationList section */
	};
	rootObject = 742D7D6A22B113C200A97AF3 /* Project object */;
}
